Microsoft Visual Studio Solution File, Format Version 12.00
# Visual Studio Version 17
VisualStudioVersion = 17.0.31903.59
MinimumVisualStudioVersion = 10.0.40219.1

Project("{2150E333-8FDC-42A3-9474-1A3956D46DE8}") = "src", "src", "{A1111111-1111-1111-1111-111111111111}"
EndProject
Project("{2150E333-8FDC-42A3-9474-1A3956D46DE8}") = "tests", "tests", "{A2222222-2222-2222-2222-222222222222}"
EndProject

Project("{FAE04EC0-301F-11D3-BF4B-00C04F79EFBC}") = "ProfeAsistente.Shared", "src\ProfeAsistente.Shared\ProfeAsistente.Shared.csproj", "{0576B32A-F306-462B-9952-25B718648CC0}"
EndProject
Project("{FAE04EC0-301F-11D3-BF4B-00C04F79EFBC}") = "ProfeAsistente.Api", "src\ProfeAsistente.Api\ProfeAsistente.Api.csproj", "{EFBE6618-A4CE-40E4-A422-C59649BE363A}"
EndProject
Project("{FAE04EC0-301F-11D3-BF4B-00C04F79EFBC}") = "ProfeAsistente.Maui", "src\ProfeAsistente.Maui\ProfeAsistente.Maui.csproj", "{61DACC55-E3C0-4B0F-BD79-B20B0D4D1923}"
EndProject
Project("{FAE04EC0-301F-11D3-BF4B-00C04F79EFBC}") = "ProfeAsistente.CurriculumImporter", "src\ProfeAsistente.CurriculumImporter\ProfeAsistente.CurriculumImporter.csproj", "{C47CB43B-E117-456F-B44A-685D38CB2F78}"
EndProject
Project("{FAE04EC0-301F-11D3-BF4B-00C04F79EFBC}") = "ProfeAsistente.CurriculumImporter.Tests", "tests\ProfeAsistente.CurriculumImporter.Tests\ProfeAsistente.CurriculumImporter.Tests.csproj", "{5371BF6C-ADA8-41A7-BDC9-3BA3A1C62891}"
EndProject
Project("{FAE04EC0-301F-11D3-BF4B-00C04F79EFBC}") = "ProfeAsistente.Api.Tests", "tests\ProfeAsistente.Api.Tests\ProfeAsistente.Api.Tests.csproj", "{B3333333-3333-3333-3333-333333333333}"
EndProject

Global
	GlobalSection(SolutionConfigurationPlatforms) = preSolution
		Debug|Any CPU = Debug|Any CPU
		Release|Any CPU = Release|Any CPU
	EndGlobalSection
	GlobalSection(ProjectConfigurationPlatforms) = postSolution
		{0576B32A-F306-462B-9952-25B718648CC0}.Debug|Any CPU.ActiveCfg = Debug|Any CPU
		{0576B32A-F306-462B-9952-25B718648CC0}.Debug|Any CPU.Build.0 = Debug|Any CPU
		{0576B32A-F306-462B-9952-25B718648CC0}.Release|Any CPU.ActiveCfg = Release|Any CPU
		{0576B32A-F306-462B-9952-25B718648CC0}.Release|Any CPU.Build.0 = Release|Any CPU
		{EFBE6618-A4CE-40E4-A422-C59649BE363A}.Debug|Any CPU.ActiveCfg = Debug|Any CPU
		{EFBE6618-A4CE-40E4-A422-C59649BE363A}.Debug|Any CPU.Build.0 = Debug|Any CPU
		{EFBE6618-A4CE-40E4-A422-C59649BE363A}.Release|Any CPU.ActiveCfg = Release|Any CPU
		{EFBE6618-A4CE-40E4-A422-C59649BE363A}.Release|Any CPU.Build.0 = Release|Any CPU
		{61DACC55-E3C0-4B0F-BD79-B20B0D4D1923}.Debug|Any CPU.ActiveCfg = Debug|Any CPU
		{61DACC55-E3C0-4B0F-BD79-B20B0D4D1923}.Debug|Any CPU.Build.0 = Debug|Any CPU
		{61DACC55-E3C0-4B0F-BD79-B20B0D4D1923}.Release|Any CPU.ActiveCfg = Release|Any CPU
		{61DACC55-E3C0-4B0F-BD79-B20B0D4D1923}.Release|Any CPU.Build.0 = Release|Any CPU
		{C47CB43B-E117-456F-B44A-685D38CB2F78}.Debug|Any CPU.ActiveCfg = Debug|Any CPU
		{C47CB43B-E117-456F-B44A-685D38CB2F78}.Debug|Any CPU.Build.0 = Debug|Any CPU
		{C47CB43B-E117-456F-B44A-685D38CB2F78}.Release|Any CPU.ActiveCfg = Release|Any CPU
		{C47CB43B-E117-456F-B44A-685D38CB2F78}.Release|Any CPU.Build.0 = Release|Any CPU
		{5371BF6C-ADA8-41A7-BDC9-3BA3A1C62891}.Debug|Any CPU.ActiveCfg = Debug|Any CPU
		{5371BF6C-ADA8-41A7-BDC9-3BA3A1C62891}.Debug|Any CPU.Build.0 = Debug|Any CPU
		{5371BF6C-ADA8-41A7-BDC9-3BA3A1C62891}.Release|Any CPU.ActiveCfg = Release|Any CPU
		{5371BF6C-ADA8-41A7-BDC9-3BA3A1C62891}.Release|Any CPU.Build.0 = Release|Any CPU
		{B3333333-3333-3333-3333-333333333333}.Debug|Any CPU.ActiveCfg = Debug|Any CPU
		{B3333333-3333-3333-3333-333333333333}.Debug|Any CPU.Build.0 = Debug|Any CPU
		{B3333333-3333-3333-3333-333333333333}.Release|Any CPU.ActiveCfg = Release|Any CPU
		{B3333333-3333-3333-3333-333333333333}.Release|Any CPU.Build.0 = Release|Any CPU
	EndGlobalSection
	GlobalSection(SolutionProperties) = preSolution
		HideSolutionNode = FALSE
	EndGlobalSection
	GlobalSection(NestedProjects) = postSolution
		{0576B32A-F306-462B-9952-25B718648CC0} = {A1111111-1111-1111-1111-111111111111}
		{EFBE6618-A4CE-40E4-A422-C59649BE363A} = {A1111111-1111-1111-1111-111111111111}
		{61DACC55-E3C0-4B0F-BD79-B20B0D4D1923} = {A1111111-1111-1111-1111-111111111111}
		{C47CB43B-E117-456F-B44A-685D38CB2F78} = {A1111111-1111-1111-1111-111111111111}
		{5371BF6C-ADA8-41A7-BDC9-3BA3A1C62891} = {A2222222-2222-2222-2222-222222222222}
		{B3333333-3333-3333-3333-333333333333} = {A2222222-2222-2222-2222-222222222222}
	EndGlobalSection
EndGlobal
